
Microsoft Visual Studio Solution File, Format Version 11.00
# Visual Studio 2010
Project("{8BC9CEB8-8B4A-11D0-8D11-00A0C91BC942}") = "mongoose-test", "mongoose-test\mongoose-test.vcxproj", "{4B78C402-8085-4938-BB10-C84EAE55BE06}"
EndProject
Global
	GlobalSection(SolutionConfigurationPlatforms) = preSolution
		Debug|Win32 = Debug|Win32
		Release|Win32 = Release|Win32
	EndGlobalSection
	GlobalSection(ProjectConfigurationPlatforms) = postSolution
		{4B78C402-8085-4938-BB10-C84EAE55BE06}.Debug|Win32.ActiveCfg = Debug|Win32
		{4B78C402-8085-4938-BB10-C84EAE55BE06}.Debug|Win32.Build.0 = Debug|Win32
		{4B78C402-8085-4938-BB10-C84EAE55BE06}.Release|Win32.ActiveCfg = Release|Win32
		{4B78C402-8085-4938-BB10-C84EAE55BE06}.Release|Win32.Build.0 = Release|Win32
	EndGlobalSection
	GlobalSection(SolutionProperties) = preSolution
		HideSolutionNode = FALSE
	EndGlobalSection
EndGlobal
