<?xml version="1.0" encoding="utf-8"?>
<Project ToolsVersion="4.0" xmlns="http://schemas.microsoft.com/developer/msbuild/2003">
  <ItemGroup>
    <Filter Include="Source Files">
      <UniqueIdentifier>{979e05bc-8cd1-44a1-bd4c-7c47590843af}</UniqueIdentifier>
      <Extensions>cpp;c;cxx;def;odl;idl;hpj;bat;asm</Extensions>
    </Filter>
    <Filter Include="Header Files">
      <UniqueIdentifier>{bfb75ee8-5894-48be-babe-37f91d4b14c0}</UniqueIdentifier>
      <Extensions>h;hpp;hxx;hm;inl;inc</Extensions>
    </Filter>
    <Filter Include="Resource Files">
      <UniqueIdentifier>{1456d0c5-ad0f-4d80-a41d-371bf12df654}</UniqueIdentifier>
      <Extensions>rc;ico;cur;bmp;dlg;rc2;rct;bin;rgs;jpg;jpeg;jpe;manifest</Extensions>
    </Filter>
  </ItemGroup>
  <ItemGroup>
    <ClCompile Include="msie\browser_window.cpp">
      <Filter>Source Files</Filter>
    </ClCompile>
    <ClCompile Include="debug.cpp">
      <Filter>Source Files</Filter>
    </ClCompile>
    <ClCompile Include="executable.cpp">
      <Filter>Source Files</Filter>
    </ClCompile>
    <ClCompile Include="fatal_error.cpp">
      <Filter>Source Files</Filter>
    </ClCompile>
    <ClCompile Include="file_utils.cpp">
      <Filter>Source Files</Filter>
    </ClCompile>
    <ClCompile Include="json.c">
      <Filter>Source Files</Filter>
    </ClCompile>
    <ClCompile Include="main.cpp">
      <Filter>Source Files</Filter>
    </ClCompile>
    <ClCompile Include="mongoose.c">
      <Filter>Source Files</Filter>
    </ClCompile>
    <ClCompile Include="settings.cpp">
      <Filter>Source Files</Filter>
    </ClCompile>
    <ClCompile Include="string_utils.cpp">
      <Filter>Source Files</Filter>
    </ClCompile>
    <ClCompile Include="web_server.cpp">
      <Filter>Source Files</Filter>
    </ClCompile>
    <ClCompile Include="window_utils.cpp">
      <Filter>Source Files</Filter>
    </ClCompile>
    <ClCompile Include="msie\browser_events2.cpp">
      <Filter>Header Files</Filter>
    </ClCompile>
    <ClCompile Include="msie\click_events.cpp">
      <Filter>Header Files</Filter>
    </ClCompile>
    <ClCompile Include="msie\doc_host_show_ui.cpp">
      <Filter>Header Files</Filter>
    </ClCompile>
    <ClCompile Include="msie\doc_host_ui_handler.cpp">
      <Filter>Header Files</Filter>
    </ClCompile>
    <ClCompile Include="msie\external_dispatch.cpp">
      <Filter>Header Files</Filter>
    </ClCompile>
    <ClCompile Include="msie\html_om_window_services.cpp">
      <Filter>Header Files</Filter>
    </ClCompile>
    <ClCompile Include="msie\internet_security_manager.cpp">
      <Filter>Header Files</Filter>
    </ClCompile>
    <ClCompile Include="msie\ole_client_site.cpp">
      <Filter>Header Files</Filter>
    </ClCompile>
    <ClCompile Include="msie\ole_control_site.cpp">
      <Filter>Header Files</Filter>
    </ClCompile>
    <ClCompile Include="msie\ole_in_place_frame.cpp">
      <Filter>Header Files</Filter>
    </ClCompile>
    <ClCompile Include="msie\ole_in_place_site.cpp">
      <Filter>Header Files</Filter>
    </ClCompile>
    <ClCompile Include="msie\service_provider.cpp">
      <Filter>Header Files</Filter>
    </ClCompile>
  </ItemGroup>
  <ItemGroup>
    <ClInclude Include="msie\browser_events2.h">
      <Filter>Header Files</Filter>
    </ClInclude>
    <ClInclude Include="msie\browser_window.h">
      <Filter>Header Files</Filter>
    </ClInclude>
    <ClInclude Include="msie\click_events.h">
      <Filter>Header Files</Filter>
    </ClInclude>
    <ClInclude Include="msie\com_utils.h">
      <Filter>Header Files</Filter>
    </ClInclude>
    <ClInclude Include="WebBrowser\CompareIEVersions.h">
      <Filter>Header Files</Filter>
    </ClInclude>
    <ClInclude Include="debug.h">
      <Filter>Header Files</Filter>
    </ClInclude>
    <ClInclude Include="defines.h">
      <Filter>Header Files</Filter>
    </ClInclude>
    <ClInclude Include="msie\doc_host_show_ui.h">
      <Filter>Header Files</Filter>
    </ClInclude>
    <ClInclude Include="msie\doc_host_ui_handler.h">
      <Filter>Header Files</Filter>
    </ClInclude>
    <ClInclude Include="executable.h">
      <Filter>Header Files</Filter>
    </ClInclude>
    <ClInclude Include="msie\external_dispatch.h">
      <Filter>Header Files</Filter>
    </ClInclude>
    <ClInclude Include="fatal_error.h">
      <Filter>Header Files</Filter>
    </ClInclude>
    <ClInclude Include="file_utils.h">
      <Filter>Header Files</Filter>
    </ClInclude>
    <ClInclude Include="msie\html_om_window_services.h">
      <Filter>Header Files</Filter>
    </ClInclude>
    <ClInclude Include="msie\internet_features.h">
      <Filter>Header Files</Filter>
    </ClInclude>
    <ClInclude Include="msie\internet_security_manager.h">
      <Filter>Header Files</Filter>
    </ClInclude>
    <ClInclude Include="json.h">
      <Filter>Header Files</Filter>
    </ClInclude>
    <ClInclude Include="log.h">
      <Filter>Header Files</Filter>
    </ClInclude>
    <ClInclude Include="main.h">
      <Filter>Header Files</Filter>
    </ClInclude>
    <ClInclude Include="mongoose.h">
      <Filter>Header Files</Filter>
    </ClInclude>
    <ClInclude Include="msie\ole_client_site.h">
      <Filter>Header Files</Filter>
    </ClInclude>
    <ClInclude Include="msie\ole_control_site.h">
      <Filter>Header Files</Filter>
    </ClInclude>
    <ClInclude Include="msie\ole_in_place_frame.h">
      <Filter>Header Files</Filter>
    </ClInclude>
    <ClInclude Include="msie\ole_in_place_site.h">
      <Filter>Header Files</Filter>
    </ClInclude>
    <ClInclude Include="resource.h">
      <Filter>Header Files</Filter>
    </ClInclude>
    <ClInclude Include="msie\service_provider.h">
      <Filter>Header Files</Filter>
    </ClInclude>
    <ClInclude Include="settings.h">
      <Filter>Header Files</Filter>
    </ClInclude>
    <ClInclude Include="single_instance_application.h">
      <Filter>Header Files</Filter>
    </ClInclude>
    <ClInclude Include="srand2.h">
      <Filter>Header Files</Filter>
    </ClInclude>
    <ClInclude Include="string_utils.h">
      <Filter>Header Files</Filter>
    </ClInclude>
    <ClInclude Include="msie\submit_events.h">
      <Filter>Header Files</Filter>
    </ClInclude>
    <ClInclude Include="msie\version.h">
      <Filter>Header Files</Filter>
    </ClInclude>
    <ClInclude Include="msie\virtual_keys.h">
      <Filter>Header Files</Filter>
    </ClInclude>
    <ClInclude Include="web_server.h">
      <Filter>Header Files</Filter>
    </ClInclude>
    <ClInclude Include="window_utils.h">
      <Filter>Header Files</Filter>
    </ClInclude>
  </ItemGroup>
  <ItemGroup>
    <None Include="msie\fullscreen_frame.txt">
      <Filter>Header Files</Filter>
    </None>
    <None Include="icon.ico">
      <Filter>Resource Files</Filter>
    </None>
    <None Include=".gitignore" />
    <None Include="before-release.txt" />
    <None Include="icon.png" />
    <None Include="www\index.php" />
    <None Include="license.txt" />
    <None Include="www\phpinfo.php" />
    <None Include="resource.aps" />
    <None Include="run.js" />
    <None Include="www\test-controls.php" />
    <None Include="www\test-forms.php" />
    <None Include="www\test-links.php" />
    <None Include="msie\todo.txt" />
    <None Include="www\test-javascript-errors.php" />
    <None Include="www\test-popups.php" />
    <None Include="www\test-window.php" />
  </ItemGroup>
  <ItemGroup>
    <ResourceCompile Include="resource.rc">
      <Filter>Resource Files</Filter>
    </ResourceCompile>
  </ItemGroup>
</Project>